
Microsoft Visual Studio Solution File, Format Version 12.00
# Visual Studio Version 17
VisualStudioVersion = 17.3.32922.545
MinimumVisualStudioVersion = 10.0.40219.1
Project("{FAE04EC0-301F-11D3-BF4B-00C04F79EFBC}") = "SqlProjectApplication", "SqlProjectApplication\SqlProjectApplication.csproj", "{2C374407-0937-462B-A728-5D218F49C1FF}"
EndProject
Global
	GlobalSection(SolutionConfigurationPlatforms) = preSolution
		Debug|Any CPU = Debug|Any CPU
		Release|Any CPU = Release|Any CPU
	EndGlobalSection
	GlobalSection(ProjectConfigurationPlatforms) = postSolution
		{2C374407-0937-462B-A728-5D218F49C1FF}.Debug|Any CPU.ActiveCfg = Debug|Any CPU
		{2C374407-0937-462B-A728-5D218F49C1FF}.Debug|Any CPU.Build.0 = Debug|Any CPU
		{2C374407-0937-462B-A728-5D218F49C1FF}.Release|Any CPU.ActiveCfg = Release|Any CPU
		{2C374407-0937-462B-A728-5D218F49C1FF}.Release|Any CPU.Build.0 = Release|Any CPU
	EndGlobalSection
	GlobalSection(SolutionProperties) = preSolution
		HideSolutionNode = FALSE
	EndGlobalSection
	GlobalSection(ExtensibilityGlobals) = postSolution
		SolutionGuid = {C7EF1506-8203-4E9E-80AF-24CE4CA90CE6}
	EndGlobalSection
EndGlobal
